// !$*UTF8*$!
{
	archiveVersion = 1;
	classes = {
	};
	objectVersion = 46;
	objects = {

/* Begin PBXBuildFile section */
		8960511A16BDD3300091E235 /* UIKit.framework in Frameworks */ = {isa = PBXBuildFile; fileRef = 8960511916BDD3300091E235 /* UIKit.framework */; };
		8960511C16BDD3300091E235 /* Foundation.framework in Frameworks */ = {isa = PBXBuildFile; fileRef = 8960511B16BDD3300091E235 /* Foundation.framework */; };
		8960511E16BDD3300091E235 /* CoreGraphics.framework in Frameworks */ = {isa = PBXBuildFile; fileRef = 8960511D16BDD3300091E235 /* CoreGraphics.framework */; };
		8960512416BDD3300091E235 /* InfoPlist.strings in Resources */ = {isa = PBXBuildFile; fileRef = 8960512216BDD3300091E235 /* InfoPlist.strings */; };
		8960512616BDD3300091E235 /* main.m in Sources */ = {isa = PBXBuildFile; fileRef = 8960512516BDD3300091E235 /* main.m */; };
		8960512A16BDD3300091E235 /* AppDelegate.m in Sources */ = {isa = PBXBuildFile; fileRef = 8960512916BDD3300091E235 /* AppDelegate.m */; };
		8960512C16BDD3300091E235 /* Default.png in Resources */ = {isa = PBXBuildFile; fileRef = 8960512B16BDD3300091E235 /* Default.png */; };
		8960512E16BDD3300091E235 /* Default@2x.png in Resources */ = {isa = PBXBuildFile; fileRef = 8960512D16BDD3300091E235 /* Default@2x.png */; };
		8960513016BDD3300091E235 /* Default-568h@2x.png in Resources */ = {isa = PBXBuildFile; fileRef = 8960512F16BDD3300091E235 /* Default-568h@2x.png */; };
		8960513316BDD3300091E235 /* MainStoryboard.storyboard in Resources */ = {isa = PBXBuildFile; fileRef = 8960513116BDD3300091E235 /* MainStoryboard.storyboard */; };
		8960513616BDD3300091E235 /* ViewController.m in Sources */ = {isa = PBXBuildFile; fileRef = 8960513516BDD3300091E235 /* ViewController.m */; };
		8960513E16BDD4200091E235 /* SuggestedTweetsViewController.m in Sources */ = {isa = PBXBuildFile; fileRef = 8960513D16BDD4200091E235 /* SuggestedTweetsViewController.m */; };
		8960514116BDD5FA0091E235 /* SuggestedTweetsCell.m in Sources */ = {isa = PBXBuildFile; fileRef = 8960514016BDD5FA0091E235 /* SuggestedTweetsCell.m */; };
		8960516016BDE42C0091E235 /* plus.png in Resources */ = {isa = PBXBuildFile; fileRef = 8960515F16BDE42C0091E235 /* plus.png */; };
		8960516516BDE6EA0091E235 /* LogIn.png in Resources */ = {isa = PBXBuildFile; fileRef = 8960516416BDE6EA0091E235 /* LogIn.png */; };
		896051A316BDF0D80091E235 /* Twitter.framework in Frameworks */ = {isa = PBXBuildFile; fileRef = 896051A116BDF0A70091E235 /* Twitter.framework */; };
		896051D416BDF1260091E235 /* CHANGELOG.md in Resources */ = {isa = PBXBuildFile; fileRef = 896051A516BDF1250091E235 /* CHANGELOG.md */; };
		896051D516BDF1260091E235 /* libstackmob-v1.2.0.a in Frameworks */ = {isa = PBXBuildFile; fileRef = 896051D316BDF1250091E235 /* libstackmob-v1.2.0.a */; };
		896051D716BDF1400091E235 /* CoreData.framework in Frameworks */ = {isa = PBXBuildFile; fileRef = 896051D616BDF1400091E235 /* CoreData.framework */; };
		896051D916BDF1650091E235 /* Security.framework in Frameworks */ = {isa = PBXBuildFile; fileRef = 896051D816BDF1650091E235 /* Security.framework */; };
		896051DB16BDF1760091E235 /* SystemConfiguration.framework in Frameworks */ = {isa = PBXBuildFile; fileRef = 896051DA16BDF1760091E235 /* SystemConfiguration.framework */; };
		896051DD16BDF1830091E235 /* MobileCoreServices.framework in Frameworks */ = {isa = PBXBuildFile; fileRef = 896051DC16BDF1830091E235 /* MobileCoreServices.framework */; };
		89F49B0516BE0BA000282F6F /* Accounts.framework in Frameworks */ = {isa = PBXBuildFile; fileRef = 89F49B0416BE0BA000282F6F /* Accounts.framework */; };
		89F49B1F16BE1ECB00282F6F /* plusnewmobile.png in Resources */ = {isa = PBXBuildFile; fileRef = 89F49B1E16BE1ECB00282F6F /* plusnewmobile.png */; };
		89F49B2616BE2BAD00282F6F /* Icon.png in Resources */ = {isa = PBXBuildFile; fileRef = 89F49B2516BE2BAD00282F6F /* Icon.png */; };
		89F49B2916BE2BD500282F6F /* Icon.png in Resources */ = {isa = PBXBuildFile; fileRef = 89F49B2816BE2BD500282F6F /* Icon.png */; };
		89F49B2B16BE2C1300282F6F /* Icon@2x.png in Resources */ = {isa = PBXBuildFile; fileRef = 89F49B2A16BE2C1300282F6F /* Icon@2x.png */; };
		89F49B2D16BE2C2400282F6F /* Icon@2x.png in Resources */ = {isa = PBXBuildFile; fileRef = 89F49B2C16BE2C2400282F6F /* Icon@2x.png */; };
/* End PBXBuildFile section */

/* Begin PBXFileReference section */
		8960511516BDD3300091E235 /* FosterTweets_mobile.app */ = {isa = PBXFileReference; explicitFileType = wrapper.application; includeInIndex = 0; path = FosterTweets_mobile.app; sourceTree = BUILT_PRODUCTS_DIR; };
		8960511916BDD3300091E235 /* UIKit.framework */ = {isa = PBXFileReference; lastKnownFileType = wrapper.framework; name = UIKit.framework; path = System/Library/Frameworks/UIKit.framework; sourceTree = SDKROOT; };
		8960511B16BDD3300091E235 /* Foundation.framework */ = {isa = PBXFileReference; lastKnownFileType = wrapper.framework; name = Foundation.framework; path = System/Library/Frameworks/Foundation.framework; sourceTree = SDKROOT; };
		8960511D16BDD3300091E235 /* CoreGraphics.framework */ = {isa = PBXFileReference; lastKnownFileType = wrapper.framework; name = CoreGraphics.framework; path = System/Library/Frameworks/CoreGraphics.framework; sourceTree = SDKROOT; };
		8960512116BDD3300091E235 /* FosterTweets_mobile-Info.plist */ = {isa = PBXFileReference; lastKnownFileType = text.plist.xml; path = "FosterTweets_mobile-Info.plist"; sourceTree = "<group>"; };
		8960512316BDD3300091E235 /* en */ = {isa = PBXFileReference; lastKnownFileType = text.plist.strings; name = en; path = en.lproj/InfoPlist.strings; sourceTree = "<group>"; };
		8960512516BDD3300091E235 /* main.m */ = {isa = PBXFileReference; lastKnownFileType = sourcecode.c.objc; path = main.m; sourceTree = "<group>"; };
		8960512716BDD3300091E235 /* FosterTweets_mobile-Prefix.pch */ = {isa = PBXFileReference; lastKnownFileType = sourcecode.c.h; path = "FosterTweets_mobile-Prefix.pch"; sourceTree = "<group>"; };
		8960512816BDD3300091E235 /* AppDelegate.h */ = {isa = PBXFileReference; lastKnownFileType = sourcecode.c.h; path = AppDelegate.h; sourceTree = "<group>"; };
		8960512916BDD3300091E235 /* AppDelegate.m */ = {isa = PBXFileReference; lastKnownFileType = sourcecode.c.objc; path = AppDelegate.m; sourceTree = "<group>"; };
		8960512B16BDD3300091E235 /* Default.png */ = {isa = PBXFileReference; lastKnownFileType = image.png; path = Default.png; sourceTree = "<group>"; };
		8960512D16BDD3300091E235 /* Default@2x.png */ = {isa = PBXFileReference; lastKnownFileType = image.png; path = "Default@2x.png"; sourceTree = "<group>"; };
		8960512F16BDD3300091E235 /* Default-568h@2x.png */ = {isa = PBXFileReference; lastKnownFileType = image.png; path = "Default-568h@2x.png"; sourceTree = "<group>"; };
		8960513216BDD3300091E235 /* en */ = {isa = PBXFileReference; lastKnownFileType = file.storyboard; name = en; path = en.lproj/MainStoryboard.storyboard; sourceTree = "<group>"; };
		8960513416BDD3300091E235 /* ViewController.h */ = {isa = PBXFileReference; lastKnownFileType = sourcecode.c.h; path = ViewController.h; sourceTree = "<group>"; };
		8960513516BDD3300091E235 /* ViewController.m */ = {isa = PBXFileReference; lastKnownFileType = sourcecode.c.objc; path = ViewController.m; sourceTree = "<group>"; };
		8960513C16BDD4200091E235 /* SuggestedTweetsViewController.h */ = {isa = PBXFileReference; fileEncoding = 4; lastKnownFileType = sourcecode.c.h; path = SuggestedTweetsViewController.h; sourceTree = "<group>"; };
		8960513D16BDD4200091E235 /* SuggestedTweetsViewController.m */ = {isa = PBXFileReference; fileEncoding = 4; lastKnownFileType = sourcecode.c.objc; path = SuggestedTweetsViewController.m; sourceTree = "<group>"; };
		8960513F16BDD5FA0091E235 /* SuggestedTweetsCell.h */ = {isa = PBXFileReference; fileEncoding = 4; lastKnownFileType = sourcecode.c.h; path = SuggestedTweetsCell.h; sourceTree = "<group>"; };
		8960514016BDD5FA0091E235 /* SuggestedTweetsCell.m */ = {isa = PBXFileReference; fileEncoding = 4; lastKnownFileType = sourcecode.c.objc; path = SuggestedTweetsCell.m; sourceTree = "<group>"; };
		8960515F16BDE42C0091E235 /* plus.png */ = {isa = PBXFileReference; lastKnownFileType = image.png; path = plus.png; sourceTree = "<group>"; };
		8960516416BDE6EA0091E235 /* LogIn.png */ = {isa = PBXFileReference; lastKnownFileType = image.png; path = LogIn.png; sourceTree = "<group>"; };
		896051A116BDF0A70091E235 /* Twitter.framework */ = {isa = PBXFileReference; lastKnownFileType = wrapper.framework; name = Twitter.framework; path = System/Library/Frameworks/Twitter.framework; sourceTree = SDKROOT; };
		896051A516BDF1250091E235 /* CHANGELOG.md */ = {isa = PBXFileReference; fileEncoding = 4; lastKnownFileType = text; path = CHANGELOG.md; sourceTree = "<group>"; };
		896051A716BDF1250091E235 /* AFHTTPClient+StackMob.h */ = {isa = PBXFileReference; fileEncoding = 4; lastKnownFileType = sourcecode.c.h; path = "AFHTTPClient+StackMob.h"; sourceTree = "<group>"; };
		896051A816BDF1250091E235 /* AFHTTPClient.h */ = {isa = PBXFileReference; fileEncoding = 4; lastKnownFileType = sourcecode.c.h; path = AFHTTPClient.h; sourceTree = "<group>"; };
		896051A916BDF1250091E235 /* AFHTTPRequestOperation.h */ = {isa = PBXFileReference; fileEncoding = 4; lastKnownFileType = sourcecode.c.h; path = AFHTTPRequestOperation.h; sourceTree = "<group>"; };
		896051AA16BDF1250091E235 /* AFImageRequestOperation.h */ = {isa = PBXFileReference; fileEncoding = 4; lastKnownFileType = sourcecode.c.h; path = AFImageRequestOperation.h; sourceTree = "<group>"; };
		896051AB16BDF1250091E235 /* AFJSONRequestOperation.h */ = {isa = PBXFileReference; fileEncoding = 4; lastKnownFileType = sourcecode.c.h; path = AFJSONRequestOperation.h; sourceTree = "<group>"; };
		896051AC16BDF1250091E235 /* AFNetworkActivityIndicatorManager.h */ = {isa = PBXFileReference; fileEncoding = 4; lastKnownFileType = sourcecode.c.h; path = AFNetworkActivityIndicatorManager.h; sourceTree = "<group>"; };
		896051AD16BDF1250091E235 /* AFNetworking.h */ = {isa = PBXFileReference; fileEncoding = 4; lastKnownFileType = sourcecode.c.h; path = AFNetworking.h; sourceTree = "<group>"; };
		896051AE16BDF1250091E235 /* AFPropertyListRequestOperation.h */ = {isa = PBXFileReference; fileEncoding = 4; lastKnownFileType = sourcecode.c.h; path = AFPropertyListRequestOperation.h; sourceTree = "<group>"; };
		896051AF16BDF1250091E235 /* AFURLConnectionOperation.h */ = {isa = PBXFileReference; fileEncoding = 4; lastKnownFileType = sourcecode.c.h; path = AFURLConnectionOperation.h; sourceTree = "<group>"; };
		896051B016BDF1250091E235 /* AFXMLRequestOperation.h */ = {isa = PBXFileReference; fileEncoding = 4; lastKnownFileType = sourcecode.c.h; path = AFXMLRequestOperation.h; sourceTree = "<group>"; };
		896051B116BDF1250091E235 /* Base64EncodedStringFromData.h */ = {isa = PBXFileReference; fileEncoding = 4; lastKnownFileType = sourcecode.c.h; path = Base64EncodedStringFromData.h; sourceTree = "<group>"; };
		896051B216BDF1250091E235 /* KeychainWrapper.h */ = {isa = PBXFileReference; fileEncoding = 4; lastKnownFileType = sourcecode.c.h; path = KeychainWrapper.h; sourceTree = "<group>"; };
		896051B316BDF1250091E235 /* NSArray+Enumerable.h */ = {isa = PBXFileReference; fileEncoding = 4; lastKnownFileType = sourcecode.c.h; path = "NSArray+Enumerable.h"; sourceTree = "<group>"; };
		896051B416BDF1250091E235 /* NSDictionary+AtomicCounter.h */ = {isa = PBXFileReference; fileEncoding = 4; lastKnownFileType = sourcecode.c.h; path = "NSDictionary+AtomicCounter.h"; sourceTree = "<group>"; };
		896051B516BDF1250091E235 /* NSEntityDescription+StackMobSerialization.h */ = {isa = PBXFileReference; fileEncoding = 4; lastKnownFileType = sourcecode.c.h; path = "NSEntityDescription+StackMobSerialization.h"; sourceTree = "<group>"; };
		896051B616BDF1250091E235 /* NSManagedObject+StackMobSerialization.h */ = {isa = PBXFileReference; fileEncoding = 4; lastKnownFileType = sourcecode.c.h; path = "NSManagedObject+StackMobSerialization.h"; sourceTree = "<group>"; };
		896051B716BDF1250091E235 /* NSManagedObjectContext+Concurrency.h */ = {isa = PBXFileReference; fileEncoding = 4; lastKnownFileType = sourcecode.c.h; path = "NSManagedObjectContext+Concurrency.h"; sourceTree = "<group>"; };
		896051B816BDF1250091E235 /* SMBinaryDataConversion.h */ = {isa = PBXFileReference; fileEncoding = 4; lastKnownFileType = sourcecode.c.h; path = SMBinaryDataConversion.h; sourceTree = "<group>"; };
		896051B916BDF1250091E235 /* SMClient.h */ = {isa = PBXFileReference; fileEncoding = 4; lastKnownFileType = sourcecode.c.h; path = SMClient.h; sourceTree = "<group>"; };
		896051BA16BDF1250091E235 /* SMCoreDataStore.h */ = {isa = PBXFileReference; fileEncoding = 4; lastKnownFileType = sourcecode.c.h; path = SMCoreDataStore.h; sourceTree = "<group>"; };
		896051BB16BDF1250091E235 /* SMCustomCodeRequest.h */ = {isa = PBXFileReference; fileEncoding = 4; lastKnownFileType = sourcecode.c.h; path = SMCustomCodeRequest.h; sourceTree = "<group>"; };
		896051BC16BDF1250091E235 /* SMDataStore+Protected.h */ = {isa = PBXFileReference; fileEncoding = 4; lastKnownFileType = sourcecode.c.h; path = "SMDataStore+Protected.h"; sourceTree = "<group>"; };
		896051BD16BDF1250091E235 /* SMDataStore.h */ = {isa = PBXFileReference; fileEncoding = 4; lastKnownFileType = sourcecode.c.h; path = SMDataStore.h; sourceTree = "<group>"; };
		896051BE16BDF1250091E235 /* SMError.h */ = {isa = PBXFileReference; fileEncoding = 4; lastKnownFileType = sourcecode.c.h; path = SMError.h; sourceTree = "<group>"; };
		896051BF16BDF1250091E235 /* SMIncrementalStore+Query.h */ = {isa = PBXFileReference; fileEncoding = 4; lastKnownFileType = sourcecode.c.h; path = "SMIncrementalStore+Query.h"; sourceTree = "<group>"; };
		896051C016BDF1250091E235 /* SMIncrementalStore.h */ = {isa = PBXFileReference; fileEncoding = 4; lastKnownFileType = sourcecode.c.h; path = SMIncrementalStore.h; sourceTree = "<group>"; };
		896051C116BDF1250091E235 /* SMIncrementalStoreNode.h */ = {isa = PBXFileReference; fileEncoding = 4; lastKnownFileType = sourcecode.c.h; path = SMIncrementalStoreNode.h; sourceTree = "<group>"; };
		896051C216BDF1250091E235 /* SMJSONRequestOperation.h */ = {isa = PBXFileReference; fileEncoding = 4; lastKnownFileType = sourcecode.c.h; path = SMJSONRequestOperation.h; sourceTree = "<group>"; };
		896051C316BDF1250091E235 /* SMNetworkReachability.h */ = {isa = PBXFileReference; fileEncoding = 4; lastKnownFileType = sourcecode.c.h; path = SMNetworkReachability.h; sourceTree = "<group>"; };
		896051C416BDF1250091E235 /* SMOAuth1Client.h */ = {isa = PBXFileReference; fileEncoding = 4; lastKnownFileType = sourcecode.c.h; path = SMOAuth1Client.h; sourceTree = "<group>"; };
		896051C516BDF1250091E235 /* SMOAuth2Client.h */ = {isa = PBXFileReference; fileEncoding = 4; lastKnownFileType = sourcecode.c.h; path = SMOAuth2Client.h; sourceTree = "<group>"; };
		896051C616BDF1250091E235 /* SMPushClient.h */ = {isa = PBXFileReference; fileEncoding = 4; lastKnownFileType = sourcecode.c.h; path = SMPushClient.h; sourceTree = "<group>"; };
		896051C716BDF1250091E235 /* SMPushToken.h */ = {isa = PBXFileReference; fileEncoding = 4; lastKnownFileType = sourcecode.c.h; path = SMPushToken.h; sourceTree = "<group>"; };
		896051C816BDF1250091E235 /* SMQuery.h */ = {isa = PBXFileReference; fileEncoding = 4; lastKnownFileType = sourcecode.c.h; path = SMQuery.h; sourceTree = "<group>"; };
		896051C916BDF1250091E235 /* SMRequestOptions.h */ = {isa = PBXFileReference; fileEncoding = 4; lastKnownFileType = sourcecode.c.h; path = SMRequestOptions.h; sourceTree = "<group>"; };
		896051CA16BDF1250091E235 /* SMResponseBlocks.h */ = {isa = PBXFileReference; fileEncoding = 4; lastKnownFileType = sourcecode.c.h; path = SMResponseBlocks.h; sourceTree = "<group>"; };
		896051CB16BDF1250091E235 /* SMUserManagedObject.h */ = {isa = PBXFileReference; fileEncoding = 4; lastKnownFileType = sourcecode.c.h; path = SMUserManagedObject.h; sourceTree = "<group>"; };
		896051CC16BDF1250091E235 /* SMUserSession.h */ = {isa = PBXFileReference; fileEncoding = 4; lastKnownFileType = sourcecode.c.h; path = SMUserSession.h; sourceTree = "<group>"; };
		896051CD16BDF1250091E235 /* SMVersion.h */ = {isa = PBXFileReference; fileEncoding = 4; lastKnownFileType = sourcecode.c.h; path = SMVersion.h; sourceTree = "<group>"; };
		896051CE16BDF1250091E235 /* StackMob.h */ = {isa = PBXFileReference; fileEncoding = 4; lastKnownFileType = sourcecode.c.h; path = StackMob.h; sourceTree = "<group>"; };
		896051CF16BDF1250091E235 /* StackMobPush.h */ = {isa = PBXFileReference; fileEncoding = 4; lastKnownFileType = sourcecode.c.h; path = StackMobPush.h; sourceTree = "<group>"; };
		896051D016BDF1250091E235 /* Synchronization.h */ = {isa = PBXFileReference; fileEncoding = 4; lastKnownFileType = sourcecode.c.h; path = Synchronization.h; sourceTree = "<group>"; };
		896051D116BDF1250091E235 /* SystemInformation.h */ = {isa = PBXFileReference; fileEncoding = 4; lastKnownFileType = sourcecode.c.h; path = SystemInformation.h; sourceTree = "<group>"; };
		896051D216BDF1250091E235 /* UIImageView+AFNetworking.h */ = {isa = PBXFileReference; fileEncoding = 4; lastKnownFileType = sourcecode.c.h; path = "UIImageView+AFNetworking.h"; sourceTree = "<group>"; };
		896051D316BDF1250091E235 /* libstackmob-v1.2.0.a */ = {isa = PBXFileReference; lastKnownFileType = archive.ar; path = "libstackmob-v1.2.0.a"; sourceTree = "<group>"; };
		896051D616BDF1400091E235 /* CoreData.framework */ = {isa = PBXFileReference; lastKnownFileType = wrapper.framework; name = CoreData.framework; path = System/Library/Frameworks/CoreData.framework; sourceTree = SDKROOT; };
		896051D816BDF1650091E235 /* Security.framework */ = {isa = PBXFileReference; lastKnownFileType = wrapper.framework; name = Security.framework; path = System/Library/Frameworks/Security.framework; sourceTree = SDKROOT; };
		896051DA16BDF1760091E235 /* SystemConfiguration.framework */ = {isa = PBXFileReference; lastKnownFileType = wrapper.framework; name = SystemConfiguration.framework; path = System/Library/Frameworks/SystemConfiguration.framework; sourceTree = SDKROOT; };
		896051DC16BDF1830091E235 /* MobileCoreServices.framework */ = {isa = PBXFileReference; lastKnownFileType = wrapper.framework; name = MobileCoreServices.framework; path = System/Library/Frameworks/MobileCoreServices.framework; sourceTree = SDKROOT; };
		89F49B0416BE0BA000282F6F /* Accounts.framework */ = {isa = PBXFileReference; lastKnownFileType = wrapper.framework; name = Accounts.framework; path = System/Library/Frameworks/Accounts.framework; sourceTree = SDKROOT; };
		89F49B1E16BE1ECB00282F6F /* plusnewmobile.png */ = {isa = PBXFileReference; lastKnownFileType = image.png; path = plusnewmobile.png; sourceTree = "<group>"; };
		89F49B2516BE2BAD00282F6F /* Icon.png */ = {isa = PBXFileReference; lastKnownFileType = image.png; path = Icon.png; sourceTree = "<group>"; };
		89F49B2816BE2BD500282F6F /* Icon.png */ = {isa = PBXFileReference; lastKnownFileType = image.png; path = Icon.png; sourceTree = "<group>"; };
		89F49B2A16BE2C1300282F6F /* Icon@2x.png */ = {isa = PBXFileReference; lastKnownFileType = image.png; path = "Icon@2x.png"; sourceTree = "<group>"; };
		89F49B2C16BE2C2400282F6F /* Icon@2x.png */ = {isa = PBXFileReference; lastKnownFileType = image.png; path = "Icon@2x.png"; sourceTree = "<group>"; };
/* End PBXFileReference section */

/* Begin PBXFrameworksBuildPhase section */
		8960511216BDD3300091E235 /* Frameworks */ = {
			isa = PBXFrameworksBuildPhase;
			buildActionMask = 2147483647;
			files = (
				89F49B0516BE0BA000282F6F /* Accounts.framework in Frameworks */,
				896051DD16BDF1830091E235 /* MobileCoreServices.framework in Frameworks */,
				896051DB16BDF1760091E235 /* SystemConfiguration.framework in Frameworks */,
				896051D916BDF1650091E235 /* Security.framework in Frameworks */,
				896051D716BDF1400091E235 /* CoreData.framework in Frameworks */,
				896051A316BDF0D80091E235 /* Twitter.framework in Frameworks */,
				8960511A16BDD3300091E235 /* UIKit.framework in Frameworks */,
				8960511C16BDD3300091E235 /* Foundation.framework in Frameworks */,
				8960511E16BDD3300091E235 /* CoreGraphics.framework in Frameworks */,
				896051D516BDF1260091E235 /* libstackmob-v1.2.0.a in Frameworks */,
			);
			runOnlyForDeploymentPostprocessing = 0;
		};
/* End PBXFrameworksBuildPhase section */

/* Begin PBXGroup section */
		8960510A16BDD3300091E235 = {
			isa = PBXGroup;
			children = (
				89F49B2C16BE2C2400282F6F /* Icon@2x.png */,
				89F49B2816BE2BD500282F6F /* Icon.png */,
				89F49B0416BE0BA000282F6F /* Accounts.framework */,
				896051DC16BDF1830091E235 /* MobileCoreServices.framework */,
				896051DA16BDF1760091E235 /* SystemConfiguration.framework */,
				896051D816BDF1650091E235 /* Security.framework */,
				896051D616BDF1400091E235 /* CoreData.framework */,
				896051A416BDF1250091E235 /* StackMob-v1.2.0 */,
				8960511F16BDD3300091E235 /* FosterTweets_mobile */,
				8960511816BDD3300091E235 /* Frameworks */,
				8960511616BDD3300091E235 /* Products */,
			);
			sourceTree = "<group>";
		};
		8960511616BDD3300091E235 /* Products */ = {
			isa = PBXGroup;
			children = (
				8960511516BDD3300091E235 /* FosterTweets_mobile.app */,
			);
			name = Products;
			sourceTree = "<group>";
		};
		8960511816BDD3300091E235 /* Frameworks */ = {
			isa = PBXGroup;
			children = (
				896051A116BDF0A70091E235 /* Twitter.framework */,
				8960511916BDD3300091E235 /* UIKit.framework */,
				8960511B16BDD3300091E235 /* Foundation.framework */,
				8960511D16BDD3300091E235 /* CoreGraphics.framework */,
			);
			name = Frameworks;
			sourceTree = "<group>";
		};
		8960511F16BDD3300091E235 /* FosterTweets_mobile */ = {
			isa = PBXGroup;
			children = (
				8960512816BDD3300091E235 /* AppDelegate.h */,
				8960512916BDD3300091E235 /* AppDelegate.m */,
				8960513116BDD3300091E235 /* MainStoryboard.storyboard */,
				8960513F16BDD5FA0091E235 /* SuggestedTweetsCell.h */,
				8960514016BDD5FA0091E235 /* SuggestedTweetsCell.m */,
				8960513C16BDD4200091E235 /* SuggestedTweetsViewController.h */,
				8960513D16BDD4200091E235 /* SuggestedTweetsViewController.m */,
				8960513416BDD3300091E235 /* ViewController.h */,
				8960513516BDD3300091E235 /* ViewController.m */,
				8960512016BDD3300091E235 /* Supporting Files */,
			);
			path = FosterTweets_mobile;
			sourceTree = "<group>";
		};
		8960512016BDD3300091E235 /* Supporting Files */ = {
			isa = PBXGroup;
			children = (
				89F49B2A16BE2C1300282F6F /* Icon@2x.png */,
				89F49B2516BE2BAD00282F6F /* Icon.png */,
				89F49B1E16BE1ECB00282F6F /* plusnewmobile.png */,
				8960516416BDE6EA0091E235 /* LogIn.png */,
				8960515F16BDE42C0091E235 /* plus.png */,
				8960512116BDD3300091E235 /* FosterTweets_mobile-Info.plist */,
				8960512216BDD3300091E235 /* InfoPlist.strings */,
				8960512516BDD3300091E235 /* main.m */,
				8960512716BDD3300091E235 /* FosterTweets_mobile-Prefix.pch */,
				8960512B16BDD3300091E235 /* Default.png */,
				8960512D16BDD3300091E235 /* Default@2x.png */,
				8960512F16BDD3300091E235 /* Default-568h@2x.png */,
			);
			name = "Supporting Files";
			sourceTree = "<group>";
		};
		896051A416BDF1250091E235 /* StackMob-v1.2.0 */ = {
			isa = PBXGroup;
			children = (
				896051A516BDF1250091E235 /* CHANGELOG.md */,
				896051A616BDF1250091E235 /* Headers */,
				896051D316BDF1250091E235 /* libstackmob-v1.2.0.a */,
			);
			path = "StackMob-v1.2.0";
			sourceTree = "<group>";
		};
		896051A616BDF1250091E235 /* Headers */ = {
			isa = PBXGroup;
			children = (
				896051A716BDF1250091E235 /* AFHTTPClient+StackMob.h */,
				896051A816BDF1250091E235 /* AFHTTPClient.h */,
				896051A916BDF1250091E235 /* AFHTTPRequestOperation.h */,
				896051AA16BDF1250091E235 /* AFImageRequestOperation.h */,
				896051AB16BDF1250091E235 /* AFJSONRequestOperation.h */,
				896051AC16BDF1250091E235 /* AFNetworkActivityIndicatorManager.h */,
				896051AD16BDF1250091E235 /* AFNetworking.h */,
				896051AE16BDF1250091E235 /* AFPropertyListRequestOperation.h */,
				896051AF16BDF1250091E235 /* AFURLConnectionOperation.h */,
				896051B016BDF1250091E235 /* AFXMLRequestOperation.h */,
				896051B116BDF1250091E235 /* Base64EncodedStringFromData.h */,
				896051B216BDF1250091E235 /* KeychainWrapper.h */,
				896051B316BDF1250091E235 /* NSArray+Enumerable.h */,
				896051B416BDF1250091E235 /* NSDictionary+AtomicCounter.h */,
				896051B516BDF1250091E235 /* NSEntityDescription+StackMobSerialization.h */,
				896051B616BDF1250091E235 /* NSManagedObject+StackMobSerialization.h */,
				896051B716BDF1250091E235 /* NSManagedObjectContext+Concurrency.h */,
				896051B816BDF1250091E235 /* SMBinaryDataConversion.h */,
				896051B916BDF1250091E235 /* SMClient.h */,
				896051BA16BDF1250091E235 /* SMCoreDataStore.h */,
				896051BB16BDF1250091E235 /* SMCustomCodeRequest.h */,
				896051BC16BDF1250091E235 /* SMDataStore+Protected.h */,
				896051BD16BDF1250091E235 /* SMDataStore.h */,
				896051BE16BDF1250091E235 /* SMError.h */,
				896051BF16BDF1250091E235 /* SMIncrementalStore+Query.h */,
				896051C016BDF1250091E235 /* SMIncrementalStore.h */,
				896051C116BDF1250091E235 /* SMIncrementalStoreNode.h */,
				896051C216BDF1250091E235 /* SMJSONRequestOperation.h */,
				896051C316BDF1250091E235 /* SMNetworkReachability.h */,
				896051C416BDF1250091E235 /* SMOAuth1Client.h */,
				896051C516BDF1250091E235 /* SMOAuth2Client.h */,
				896051C616BDF1250091E235 /* SMPushClient.h */,
				896051C716BDF1250091E235 /* SMPushToken.h */,
				896051C816BDF1250091E235 /* SMQuery.h */,
				896051C916BDF1250091E235 /* SMRequestOptions.h */,
				896051CA16BDF1250091E235 /* SMResponseBlocks.h */,
				896051CB16BDF1250091E235 /* SMUserManagedObject.h */,
				896051CC16BDF1250091E235 /* SMUserSession.h */,
				896051CD16BDF1250091E235 /* SMVersion.h */,
				896051CE16BDF1250091E235 /* StackMob.h */,
				896051CF16BDF1250091E235 /* StackMobPush.h */,
				896051D016BDF1250091E235 /* Synchronization.h */,
				896051D116BDF1250091E235 /* SystemInformation.h */,
				896051D216BDF1250091E235 /* UIImageView+AFNetworking.h */,
			);
			path = Headers;
			sourceTree = "<group>";
		};
/* End PBXGroup section */

/* Begin PBXNativeTarget section */
		8960511416BDD3300091E235 /* FosterTweets_mobile */ = {
			isa = PBXNativeTarget;
			buildConfigurationList = 8960513916BDD3300091E235 /* Build configuration list for PBXNativeTarget "FosterTweets_mobile" */;
			buildPhases = (
				8960511116BDD3300091E235 /* Sources */,
				8960511216BDD3300091E235 /* Frameworks */,
				8960511316BDD3300091E235 /* Resources */,
			);
			buildRules = (
			);
			dependencies = (
			);
			name = FosterTweets_mobile;
			productName = FosterTweets_mobile;
			productReference = 8960511516BDD3300091E235 /* FosterTweets_mobile.app */;
			productType = "com.apple.product-type.application";
		};
/* End PBXNativeTarget section */

/* Begin PBXProject section */
		8960510C16BDD3300091E235 /* Project object */ = {
			isa = PBXProject;
			attributes = {
				LastUpgradeCheck = 0450;
				ORGANIZATIONNAME = FosterTweets;
			};
			buildConfigurationList = 8960510F16BDD3300091E235 /* Build configuration list for PBXProject "FosterTweets_mobile" */;
			compatibilityVersion = "Xcode 3.2";
			developmentRegion = English;
			hasScannedForEncodings = 0;
			knownRegions = (
				en,
			);
			mainGroup = 8960510A16BDD3300091E235;
			productRefGroup = 8960511616BDD3300091E235 /* Products */;
			projectDirPath = "";
			projectRoot = "";
			targets = (
				8960511416BDD3300091E235 /* FosterTweets_mobile */,
			);
		};
/* End PBXProject section */

/* Begin PBXResourcesBuildPhase section */
		8960511316BDD3300091E235 /* Resources */ = {
			isa = PBXResourcesBuildPhase;
			buildActionMask = 2147483647;
			files = (
				8960512416BDD3300091E235 /* InfoPlist.strings in Resources */,
				8960512C16BDD3300091E235 /* Default.png in Resources */,
				8960512E16BDD3300091E235 /* Default@2x.png in Resources */,
				8960513016BDD3300091E235 /* Default-568h@2x.png in Resources */,
				8960513316BDD3300091E235 /* MainStoryboard.storyboard in Resources */,
				8960516016BDE42C0091E235 /* plus.png in Resources */,
				8960516516BDE6EA0091E235 /* LogIn.png in Resources */,
				896051D416BDF1260091E235 /* CHANGELOG.md in Resources */,
				89F49B1F16BE1ECB00282F6F /* plusnewmobile.png in Resources */,
				89F49B2616BE2BAD00282F6F /* Icon.png in Resources */,
				89F49B2916BE2BD500282F6F /* Icon.png in Resources */,
				89F49B2B16BE2C1300282F6F /* Icon@2x.png in Resources */,
				89F49B2D16BE2C2400282F6F /* Icon@2x.png in Resources */,
			);
			runOnlyForDeploymentPostprocessing = 0;
		};
/* End PBXResourcesBuildPhase section */

/* Begin PBXSourcesBuildPhase section */
		8960511116BDD3300091E235 /* Sources */ = {
			isa = PBXSourcesBuildPhase;
			buildActionMask = 2147483647;
			files = (
				8960512616BDD3300091E235 /* main.m in Sources */,
				8960512A16BDD3300091E235 /* AppDelegate.m in Sources */,
				8960513616BDD3300091E235 /* ViewController.m in Sources */,
				8960513E16BDD4200091E235 /* SuggestedTweetsViewController.m in Sources */,
				8960514116BDD5FA0091E235 /* SuggestedTweetsCell.m in Sources */,
			);
			runOnlyForDeploymentPostprocessing = 0;
		};
/* End PBXSourcesBuildPhase section */

/* Begin PBXVariantGroup section */
		8960512216BDD3300091E235 /* InfoPlist.strings */ = {
			isa = PBXVariantGroup;
			children = (
				8960512316BDD3300091E235 /* en */,
			);
			name = InfoPlist.strings;
			sourceTree = "<group>";
		};
		8960513116BDD3300091E235 /* MainStoryboard.storyboard */ = {
			isa = PBXVariantGroup;
			children = (
				8960513216BDD3300091E235 /* en */,
			);
			name = MainStoryboard.storyboard;
			sourceTree = "<group>";
		};
/* End PBXVariantGroup section */

/* Begin XCBuildConfiguration section */
		8960513716BDD3300091E235 /* Debug */ = {
			isa = XCBuildConfiguration;
			buildSettings = {
				ALWAYS_SEARCH_USER_PATHS = NO;
				CLANG_CXX_LANGUAGE_STANDARD = "gnu++0x";
				CLANG_CXX_LIBRARY = "libc++";
				CLANG_ENABLE_OBJC_ARC = YES;
				CLANG_WARN_EMPTY_BODY = YES;
				CLANG_WARN__DUPLICATE_METHOD_MATCH = YES;
				"CODE_SIGN_IDENTITY[sdk=iphoneos*]" = "iPhone Developer";
				COPY_PHASE_STRIP = NO;
				GCC_C_LANGUAGE_STANDARD = gnu99;
				GCC_DYNAMIC_NO_PIC = NO;
				GCC_OPTIMIZATION_LEVEL = 0;
				GCC_PREPROCESSOR_DEFINITIONS = (
					"DEBUG=1",
					"$(inherited)",
				);
				GCC_SYMBOLS_PRIVATE_EXTERN = NO;
				GCC_WARN_ABOUT_RETURN_TYPE = YES;
				GCC_WARN_UNINITIALIZED_AUTOS = YES;
				GCC_WARN_UNUSED_VARIABLE = YES;
				IPHONEOS_DEPLOYMENT_TARGET = 6.0;
				ONLY_ACTIVE_ARCH = YES;
				SDKROOT = iphoneos;
			};
			name = Debug;
		};
		8960513816BDD3300091E235 /* Release */ = {
			isa = XCBuildConfiguration;
			buildSettings = {
				ALWAYS_SEARCH_USER_PATHS = NO;
				CLANG_CXX_LANGUAGE_STANDARD = "gnu++0x";
				CLANG_CXX_LIBRARY = "libc++";
				CLANG_ENABLE_OBJC_ARC = YES;
				CLANG_WARN_EMPTY_BODY = YES;
				CLANG_WARN__DUPLICATE_METHOD_MATCH = YES;
				"CODE_SIGN_IDENTITY[sdk=iphoneos*]" = "iPhone Developer";
				COPY_PHASE_STRIP = YES;
				GCC_C_LANGUAGE_STANDARD = gnu99;
				GCC_WARN_ABOUT_RETURN_TYPE = YES;
				GCC_WARN_UNINITIALIZED_AUTOS = YES;
				GCC_WARN_UNUSED_VARIABLE = YES;
				IPHONEOS_DEPLOYMENT_TARGET = 6.0;
				OTHER_CFLAGS = "-DNS_BLOCK_ASSERTIONS=1";
				SDKROOT = iphoneos;
				VALIDATE_PRODUCT = YES;
			};
			name = Release;
		};
		8960513A16BDD3300091E235 /* Debug */ = {
			isa = XCBuildConfiguration;
			buildSettings = {
				GCC_PRECOMPILE_PREFIX_HEADER = YES;
				GCC_PREFIX_HEADER = "FosterTweets_mobile/FosterTweets_mobile-Prefix.pch";
				INFOPLIST_FILE = "FosterTweets_mobile/FosterTweets_mobile-Info.plist";
				IPHONEOS_DEPLOYMENT_TARGET = 5.0;
				LIBRARY_SEARCH_PATHS = (
					"$(inherited)",
					"\"$(SRCROOT)/StackMob-v1.2.0\"",
				);
				OTHER_LDFLAGS = "-ObjC";
				PRODUCT_NAME = "$(TARGET_NAME)";
				WRAPPER_EXTENSION = app;
			};
			name = Debug;
		};
		8960513B16BDD3300091E235 /* Release */ = {
			isa = XCBuildConfiguration;
			buildSettings = {
				GCC_PRECOMPILE_PREFIX_HEADER = YES;
				GCC_PREFIX_HEADER = "FosterTweets_mobile/FosterTweets_mobile-Prefix.pch";
				INFOPLIST_FILE = "FosterTweets_mobile/FosterTweets_mobile-Info.plist";
				IPHONEOS_DEPLOYMENT_TARGET = 5.0;
				LIBRARY_SEARCH_PATHS = (
					"$(inherited)",
					"\"$(SRCROOT)/StackMob-v1.2.0\"",
				);
				OTHER_LDFLAGS = "-ObjC";
				PRODUCT_NAME = "$(TARGET_NAME)";
				WRAPPER_EXTENSION = app;
			};
			name = Release;
		};
/* End XCBuildConfiguration section */

/* Begin XCConfigurationList section */
		8960510F16BDD3300091E235 /* Build configuration list for PBXProject "FosterTweets_mobile" */ = {
			isa = XCConfigurationList;
			buildConfigurations = (
				8960513716BDD3300091E235 /* Debug */,
				8960513816BDD3300091E235 /* Release */,
			);
			defaultConfigurationIsVisible = 0;
			defaultConfigurationName = Release;
		};
		8960513916BDD3300091E235 /* Build configuration list for PBXNativeTarget "FosterTweets_mobile" */ = {
			isa = XCConfigurationList;
			buildConfigurations = (
				8960513A16BDD3300091E235 /* Debug */,
				8960513B16BDD3300091E235 /* Release */,
			);
			defaultConfigurationIsVisible = 0;
			defaultConfigurationName = Release;
		};
/* End XCConfigurationList section */
	};
	rootObject = 8960510C16BDD3300091E235 /* Project object */;
}
